// !$*UTF8*$!
{
	archiveVersion = 1;
	classes = {
	};
	objectVersion = 46;
	objects = {

/* Begin PBXBuildFile section */
		CEBCE5501E06E1A4008886D0 /* AppDelegate.swift in Sources */ = {isa = PBXBuildFile; fileRef = CEBCE54F1E06E1A4008886D0 /* AppDelegate.swift */; };
		CEBCE5521E06E1A4008886D0 /* ViewController.swift in Sources */ = {isa = PBXBuildFile; fileRef = CEBCE5511E06E1A4008886D0 /* ViewController.swift */; };
		CEBCE5551E06E1A4008886D0 /* Main.storyboard in Resources */ = {isa = PBXBuildFile; fileRef = CEBCE5531E06E1A4008886D0 /* Main.storyboard */; };
		CEBCE5571E06E1A4008886D0 /* Assets.xcassets in Resources */ = {isa = PBXBuildFile; fileRef = CEBCE5561E06E1A4008886D0 /* Assets.xcassets */; };
		CEBCE55A1E06E1A4008886D0 /* LaunchScreen.storyboard in Resources */ = {isa = PBXBuildFile; fileRef = CEBCE5581E06E1A4008886D0 /* LaunchScreen.storyboard */; };
/* End PBXBuildFile section */

/* Begin PBXFileReference section */
		CEBCE54C1E06E1A4008886D0 /* Email App.app */ = {isa = PBXFileReference; explicitFileType = wrapper.application; includeInIndex = 0; path = "Email App.app"; sourceTree = BUILT_PRODUCTS_DIR; };
		CEBCE54F1E06E1A4008886D0 /* AppDelegate.swift */ = {isa = PBXFileReference; lastKnownFileType = sourcecode.swift; path = AppDelegate.swift; sourceTree = "<group>"; };
		CEBCE5511E06E1A4008886D0 /* ViewController.swift */ = {isa = PBXFileReference; lastKnownFileType = sourcecode.swift; path = ViewController.swift; sourceTree = "<group>"; };
		CEBCE5541E06E1A4008886D0 /* Base */ = {isa = PBXFileReference; lastKnownFileType = file.storyboard; name = Base; path = Base.lproj/Main.storyboard; sourceTree = "<group>"; };
		CEBCE5561E06E1A4008886D0 /* Assets.xcassets */ = {isa = PBXFileReference; lastKnownFileType = folder.assetcatalog; path = Assets.xcassets; sourceTree = "<group>"; };
		CEBCE5591E06E1A4008886D0 /* Base */ = {isa = PBXFileReference; lastKnownFileType = file.storyboard; name = Base; path = Base.lproj/LaunchScreen.storyboard; sourceTree = "<group>"; };
		CEBCE55B1E06E1A4008886D0 /* Info.plist */ = {isa = PBXFileReference; lastKnownFileType = text.plist.xml; path = Info.plist; sourceTree = "<group>"; };
/* End PBXFileReference section */

/* Begin PBXFrameworksBuildPhase section */
		CEBCE5491E06E1A4008886D0 /* Frameworks */ = {
			isa = PBXFrameworksBuildPhase;
			buildActionMask = 2147483647;
			files = (
			);
			runOnlyForDeploymentPostprocessing = 0;
		};
/* End PBXFrameworksBuildPhase section */

/* Begin PBXGroup section */
		CEBCE5431E06E1A4008886D0 = {
			isa = PBXGroup;
			children = (
				CEBCE54E1E06E1A4008886D0 /* Email App */,
				CEBCE54D1E06E1A4008886D0 /* Products */,
			);
			sourceTree = "<group>";
		};
		CEBCE54D1E06E1A4008886D0 /* Products */ = {
			isa = PBXGroup;
			children = (
				CEBCE54C1E06E1A4008886D0 /* Email App.app */,
			);
			name = Products;
			sourceTree = "<group>";
		};
		CEBCE54E1E06E1A4008886D0 /* Email App */ = {
			isa = PBXGroup;
			children = (
				CEBCE54F1E06E1A4008886D0 /* AppDelegate.swift */,
				CEBCE5511E06E1A4008886D0 /* ViewController.swift */,
				CEBCE5531E06E1A4008886D0 /* Main.storyboard */,
				CEBCE5561E06E1A4008886D0 /* Assets.xcassets */,
				CEBCE5581E06E1A4008886D0 /* LaunchScreen.storyboard */,
				CEBCE55B1E06E1A4008886D0 /* Info.plist */,
			);
			path = "Email App";
			sourceTree = "<group>";
		};
/* End PBXGroup section */

/* Begin PBXNativeTarget section */
		CEBCE54B1E06E1A4008886D0 /* Email App */ = {
			isa = PBXNativeTarget;
			buildConfigurationList = CEBCE55E1E06E1A4008886D0 /* Build configuration list for PBXNativeTarget "Email App" */;
			buildPhases = (
				CEBCE5481E06E1A4008886D0 /* Sources */,
				CEBCE5491E06E1A4008886D0 /* Frameworks */,
				CEBCE54A1E06E1A4008886D0 /* Resources */,
			);
			buildRules = (
			);
			dependencies = (
			);
			name = "Email App";
			productName = "Email App";
			productReference = CEBCE54C1E06E1A4008886D0 /* Email App.app */;
			productType = "com.apple.product-type.application";
		};
/* End PBXNativeTarget section */

/* Begin PBXProject section */
		CEBCE5441E06E1A4008886D0 /* Project object */ = {
			isa = PBXProject;
			attributes = {
				LastSwiftUpdateCheck = 0810;
				LastUpgradeCheck = 0810;
				ORGANIZATIONNAME = davedailey;
				TargetAttributes = {
					CEBCE54B1E06E1A4008886D0 = {
						CreatedOnToolsVersion = 8.1;
						DevelopmentTeam = 9W8PVJFZ7X;
						ProvisioningStyle = Automatic;
					};
				};
			};
			buildConfigurationList = CEBCE5471E06E1A4008886D0 /* Build configuration list for PBXProject "Email App" */;
			compatibilityVersion = "Xcode 3.2";
			developmentRegion = English;
			hasScannedForEncodings = 0;
			knownRegions = (
				en,
				Base,
			);
			mainGroup = CEBCE5431E06E1A4008886D0;
			productRefGroup = CEBCE54D1E06E1A4008886D0 /* Products */;
			projectDirPath = "";
			projectRoot = "";
			targets = (
				CEBCE54B1E06E1A4008886D0 /* Email App */,
			);
		};
/* End PBXProject section */

/* Begin PBXResourcesBuildPhase section */
		CEBCE54A1E06E1A4008886D0 /* Resources */ = {
			isa = PBXResourcesBuildPhase;
			buildActionMask = 2147483647;
			files = (
				CEBCE55A1E06E1A4008886D0 /* LaunchScreen.storyboard in Resources */,
				CEBCE5571E06E1A4008886D0 /* Assets.xcassets in Resources */,
				CEBCE5551E06E1A4008886D0 /* Main.storyboard in Resources */,
			);
			runOnlyForDeploymentPostprocessing = 0;
		};
/* End PBXResourcesBuildPhase section */

/* Begin PBXSourcesBuildPhase section */
		CEBCE5481E06E1A4008886D0 /* Sources */ = {
			isa = PBXSourcesBuildPhase;
			buildActionMask = 2147483647;
			files = (
				CEBCE5521E06E1A4008886D0 /* ViewController.swift in Sources */,
				CEBCE5501E06E1A4008886D0 /* AppDelegate.swift in Sources */,
			);
			runOnlyForDeploymentPostprocessing = 0;
		};
/* End PBXSourcesBuildPhase section */

/* Begin PBXVariantGroup section */
		CEBCE5531E06E1A4008886D0 /* Main.storyboard */ = {
			isa = PBXVariantGroup;
			children = (
				CEBCE5541E06E1A4008886D0 /* Base */,
			);
			name = Main.storyboard;
			sourceTree = "<group>";
		};
		CEBCE5581E06E1A4008886D0 /* LaunchScreen.storyboard */ = {
			isa = PBXVariantGroup;
			children = (
				CEBCE5591E06E1A4008886D0 /* Base */,
			);
			name = LaunchScreen.storyboard;
			sourceTree = "<group>";
		};
/* End PBXVariantGroup section */

/* Begin XCBuildConfiguration section */
		CEBCE55C1E06E1A4008886D0 /* Debug */ = {
			isa = XCBuildConfiguration;
			buildSettings = {
				ALWAYS_SEARCH_USER_PATHS = NO;
				CLANG_ANALYZER_NONNULL = YES;
				CLANG_CXX_LANGUAGE_STANDARD = "gnu++0x";
				CLANG_CXX_LIBRARY = "libc++";
				CLANG_ENABLE_MODULES = YES;
				CLANG_ENABLE_OBJC_ARC = YES;
				CLANG_WARN_BOOL_CONVERSION = YES;
				CLANG_WARN_CONSTANT_CONVERSION = YES;
				CLANG_WARN_DIRECT_OBJC_ISA_USAGE = YES_ERROR;
				CLANG_WARN_DOCUMENTATION_COMMENTS = YES;
				CLANG_WARN_EMPTY_BODY = YES;
				CLANG_WARN_ENUM_CONVERSION = YES;
				CLANG_WARN_INFINITE_RECURSION = YES;
				CLANG_WARN_INT_CONVERSION = YES;
				CLANG_WARN_OBJC_ROOT_CLASS = YES_ERROR;
				CLANG_WARN_SUSPICIOUS_MOVES = YES;
				CLANG_WARN_UNREACHABLE_CODE = YES;
				CLANG_WARN__DUPLICATE_METHOD_MATCH = YES;
				"CODE_SIGN_IDENTITY[sdk=iphoneos*]" = "iPhone Developer";
				COPY_PHASE_STRIP = NO;
				DEBUG_INFORMATION_FORMAT = dwarf;
				ENABLE_STRICT_OBJC_MSGSEND = YES;
				ENABLE_TESTABILITY = YES;
				GCC_C_LANGUAGE_STANDARD = gnu99;
				GCC_DYNAMIC_NO_PIC = NO;
				GCC_NO_COMMON_BLOCKS = YES;
				GCC_OPTIMIZATION_LEVEL = 0;
				GCC_PREPROCESSOR_DEFINITIONS = (
					"DEBUG=1",
					"$(inherited)",
				);
				GCC_WARN_64_TO_32_BIT_CONVERSION = YES;
				GCC_WARN_ABOUT_RETURN_TYPE = YES_ERROR;
				GCC_WARN_UNDECLARED_SELECTOR = YES;
				GCC_WARN_UNINITIALIZED_AUTOS = YES_AGGRESSIVE;
				GCC_WARN_UNUSED_FUNCTION = YES;
				GCC_WARN_UNUSED_VARIABLE = YES;
				IPHONEOS_DEPLOYMENT_TARGET = 10.1;
				MTL_ENABLE_DEBUG_INFO = YES;
				ONLY_ACTIVE_ARCH = YES;
				SDKROOT = iphoneos;
				SWIFT_ACTIVE_COMPILATION_CONDITIONS = DEBUG;
				SWIFT_OPTIMIZATION_LEVEL = "-Onone";
				TARGETED_DEVICE_FAMILY = "1,2";
			};
			name = Debug;
		};
		CEBCE55D1E06E1A4008886D0 /* Release */ = {
			isa = XCBuildConfiguration;
			buildSettings = {
				ALWAYS_SEARCH_USER_PATHS = NO;
				CLANG_ANALYZER_NONNULL = YES;
				CLANG_CXX_LANGUAGE_STANDARD = "gnu++0x";
				CLANG_CXX_LIBRARY = "libc++";
				CLANG_ENABLE_MODULES = YES;
				CLANG_ENABLE_OBJC_ARC = YES;
				CLANG_WARN_BOOL_CONVERSION = YES;
				CLANG_WARN_CONSTANT_CONVERSION = YES;
				CLANG_WARN_DIRECT_OBJC_ISA_USAGE = YES_ERROR;
				CLANG_WARN_DOCUMENTATION_COMMENTS = YES;
				CLANG_WARN_EMPTY_BODY = YES;
				CLANG_WARN_ENUM_CONVERSION = YES;
				CLANG_WARN_INFINITE_RECURSION = YES;
				CLANG_WARN_INT_CONVERSION = YES;
				CLANG_WARN_OBJC_ROOT_CLASS = YES_ERROR;
				CLANG_WARN_SUSPICIOUS_MOVES = YES;
				CLANG_WARN_UNREACHABLE_CODE = YES;
				CLANG_WARN__DUPLICATE_METHOD_MATCH = YES;
				"CODE_SIGN_IDENTITY[sdk=iphoneos*]" = "iPhone Developer";
				COPY_PHASE_STRIP = NO;
				DEBUG_INFORMATION_FORMAT = "dwarf-with-dsym";
				ENABLE_NS_ASSERTIONS = NO;
				ENABLE_STRICT_OBJC_MSGSEND = YES;
				GCC_C_LANGUAGE_STANDARD = gnu99;
				GCC_NO_COMMON_BLOCKS = YES;
				GCC_WARN_64_TO_32_BIT_CONVERSION = YES;
				GCC_WARN_ABOUT_RETURN_TYPE = YES_ERROR;
				GCC_WARN_UNDECLARED_SELECTOR = YES;
				GCC_WARN_UNINITIALIZED_AUTOS = YES_AGGRESSIVE;
				GCC_WARN_UNUSED_FUNCTION = YES;
				GCC_WARN_UNUSED_VARIABLE = YES;
				IPHONEOS_DEPLOYMENT_TARGET = 10.1;
				MTL_ENABLE_DEBUG_INFO = NO;
				SDKROOT = iphoneos;
				SWIFT_OPTIMIZATION_LEVEL = "-Owholemodule";
				TARGETED_DEVICE_FAMILY = "1,2";
				VALIDATE_PRODUCT = YES;
			};
			name = Release;
		};
		CEBCE55F1E06E1A4008886D0 /* Debug */ = {
			isa = XCBuildConfiguration;
			buildSettings = {
				ASSETCATALOG_COMPILER_APPICON_NAME = AppIcon;
				DEVELOPMENT_TEAM = 9W8PVJFZ7X;
				INFOPLIST_FILE = "Email App/Info.plist";
				LD_RUNPATH_SEARCH_PATHS = "$(inherited) @executable_path/Frameworks";
				PRODUCT_BUNDLE_IDENTIFIER = "com.davedailey.Email-App";
				PRODUCT_NAME = "$(TARGET_NAME)";
				SWIFT_VERSION = 3.0;
			};
			name = Debug;
		};
		CEBCE5601E06E1A4008886D0 /* Release */ = {
			isa = XCBuildConfiguration;
			buildSettings = {
				ASSETCATALOG_COMPILER_APPICON_NAME = AppIcon;
				DEVELOPMENT_TEAM = 9W8PVJFZ7X;
				INFOPLIST_FILE = "Email App/Info.plist";
				LD_RUNPATH_SEARCH_PATHS = "$(inherited) @executable_path/Frameworks";
				PRODUCT_BUNDLE_IDENTIFIER = "com.davedailey.Email-App";
				PRODUCT_NAME = "$(TARGET_NAME)";
				SWIFT_VERSION = 3.0;
			};
			name = Release;
		};
/* End XCBuildConfiguration section */

/* Begin XCConfigurationList section */
		CEBCE5471E06E1A4008886D0 /* Build configuration list for PBXProject "Email App" */ = {
			isa = XCConfigurationList;
			buildConfigurations = (
				CEBCE55C1E06E1A4008886D0 /* Debug */,
				CEBCE55D1E06E1A4008886D0 /* Release */,
			);
			defaultConfigurationIsVisible = 0;
			defaultConfigurationName = Release;
		};
		CEBCE55E1E06E1A4008886D0 /* Build configuration list for PBXNativeTarget "Email App" */ = {
			isa = XCConfigurationList;
			buildConfigurations = (
				CEBCE55F1E06E1A4008886D0 /* Debug */,
				CEBCE5601E06E1A4008886D0 /* Release */,
			);
			defaultConfigurationIsVisible = 0;
		};
/* End XCConfigurationList section */
	};
	rootObject = CEBCE5441E06E1A4008886D0 /* Project object */;
}
