// !$*UTF8*$!
{
	archiveVersion = 1;
	classes = {
	};
	objectVersion = 46;
	objects = {

/* Begin PBXBuildFile section */
		CEBCE56E1E06E9A3008886D0 /* AppDelegate.swift in Sources */ = {isa = PBXBuildFile; fileRef = CEBCE56D1E06E9A3008886D0 /* AppDelegate.swift */; };
		CEBCE5701E06E9A3008886D0 /* ViewController.swift in Sources */ = {isa = PBXBuildFile; fileRef = CEBCE56F1E06E9A3008886D0 /* ViewController.swift */; };
		CEBCE5731E06E9A3008886D0 /* Main.storyboard in Resources */ = {isa = PBXBuildFile; fileRef = CEBCE5711E06E9A3008886D0 /* Main.storyboard */; };
		CEBCE5751E06E9A3008886D0 /* Assets.xcassets in Resources */ = {isa = PBXBuildFile; fileRef = CEBCE5741E06E9A3008886D0 /* Assets.xcassets */; };
		CEBCE5781E06E9A3008886D0 /* LaunchScreen.storyboard in Resources */ = {isa = PBXBuildFile; fileRef = CEBCE5761E06E9A3008886D0 /* LaunchScreen.storyboard */; };
		CEBCE5811E06EA28008886D0 /* Post.swift in Sources */ = {isa = PBXBuildFile; fileRef = CEBCE5801E06EA28008886D0 /* Post.swift */; };
		CEFA640B1E081F590038D535 /* PostCell.swift in Sources */ = {isa = PBXBuildFile; fileRef = CEFA640A1E081F590038D535 /* PostCell.swift */; };
/* End PBXBuildFile section */

/* Begin PBXFileReference section */
		CEBCE56A1E06E9A3008886D0 /* MyHood.app */ = {isa = PBXFileReference; explicitFileType = wrapper.application; includeInIndex = 0; path = MyHood.app; sourceTree = BUILT_PRODUCTS_DIR; };
		CEBCE56D1E06E9A3008886D0 /* AppDelegate.swift */ = {isa = PBXFileReference; lastKnownFileType = sourcecode.swift; path = AppDelegate.swift; sourceTree = "<group>"; };
		CEBCE56F1E06E9A3008886D0 /* ViewController.swift */ = {isa = PBXFileReference; lastKnownFileType = sourcecode.swift; path = ViewController.swift; sourceTree = "<group>"; };
		CEBCE5721E06E9A3008886D0 /* Base */ = {isa = PBXFileReference; lastKnownFileType = file.storyboard; name = Base; path = Base.lproj/Main.storyboard; sourceTree = "<group>"; };
		CEBCE5741E06E9A3008886D0 /* Assets.xcassets */ = {isa = PBXFileReference; lastKnownFileType = folder.assetcatalog; path = Assets.xcassets; sourceTree = "<group>"; };
		CEBCE5771E06E9A3008886D0 /* Base */ = {isa = PBXFileReference; lastKnownFileType = file.storyboard; name = Base; path = Base.lproj/LaunchScreen.storyboard; sourceTree = "<group>"; };
		CEBCE5791E06E9A3008886D0 /* Info.plist */ = {isa = PBXFileReference; lastKnownFileType = text.plist.xml; path = Info.plist; sourceTree = "<group>"; };
		CEBCE5801E06EA28008886D0 /* Post.swift */ = {isa = PBXFileReference; fileEncoding = 4; lastKnownFileType = sourcecode.swift; path = Post.swift; sourceTree = "<group>"; };
		CEFA640A1E081F590038D535 /* PostCell.swift */ = {isa = PBXFileReference; fileEncoding = 4; lastKnownFileType = sourcecode.swift; path = PostCell.swift; sourceTree = "<group>"; };
/* End PBXFileReference section */

/* Begin PBXFrameworksBuildPhase section */
		CEBCE5671E06E9A3008886D0 /* Frameworks */ = {
			isa = PBXFrameworksBuildPhase;
			buildActionMask = 2147483647;
			files = (
			);
			runOnlyForDeploymentPostprocessing = 0;
		};
/* End PBXFrameworksBuildPhase section */

/* Begin PBXGroup section */
		CEBCE5611E06E9A3008886D0 = {
			isa = PBXGroup;
			children = (
				CEBCE56C1E06E9A3008886D0 /* MyHood */,
				CEBCE56B1E06E9A3008886D0 /* Products */,
			);
			sourceTree = "<group>";
		};
		CEBCE56B1E06E9A3008886D0 /* Products */ = {
			isa = PBXGroup;
			children = (
				CEBCE56A1E06E9A3008886D0 /* MyHood.app */,
			);
			name = Products;
			sourceTree = "<group>";
		};
		CEBCE56C1E06E9A3008886D0 /* MyHood */ = {
			isa = PBXGroup;
			children = (
				CEFA64091E081F220038D535 /* View */,
				CEBCE57F1E06EA0A008886D0 /* Model */,
				CEBCE56D1E06E9A3008886D0 /* AppDelegate.swift */,
				CEBCE56F1E06E9A3008886D0 /* ViewController.swift */,
				CEBCE5711E06E9A3008886D0 /* Main.storyboard */,
				CEBCE5741E06E9A3008886D0 /* Assets.xcassets */,
				CEBCE5761E06E9A3008886D0 /* LaunchScreen.storyboard */,
				CEBCE5791E06E9A3008886D0 /* Info.plist */,
			);
			path = MyHood;
			sourceTree = "<group>";
		};
		CEBCE57F1E06EA0A008886D0 /* Model */ = {
			isa = PBXGroup;
			children = (
				CEBCE5801E06EA28008886D0 /* Post.swift */,
			);
			name = Model;
			sourceTree = "<group>";
		};
		CEFA64091E081F220038D535 /* View */ = {
			isa = PBXGroup;
			children = (
				CEFA640A1E081F590038D535 /* PostCell.swift */,
			);
			name = View;
			sourceTree = "<group>";
		};
/* End PBXGroup section */

/* Begin PBXNativeTarget section */
		CEBCE5691E06E9A3008886D0 /* MyHood */ = {
			isa = PBXNativeTarget;
			buildConfigurationList = CEBCE57C1E06E9A3008886D0 /* Build configuration list for PBXNativeTarget "MyHood" */;
			buildPhases = (
				CEBCE5661E06E9A3008886D0 /* Sources */,
				CEBCE5671E06E9A3008886D0 /* Frameworks */,
				CEBCE5681E06E9A3008886D0 /* Resources */,
			);
			buildRules = (
			);
			dependencies = (
			);
			name = MyHood;
			productName = MyHood;
			productReference = CEBCE56A1E06E9A3008886D0 /* MyHood.app */;
			productType = "com.apple.product-type.application";
		};
/* End PBXNativeTarget section */

/* Begin PBXProject section */
		CEBCE5621E06E9A3008886D0 /* Project object */ = {
			isa = PBXProject;
			attributes = {
				LastSwiftUpdateCheck = 0810;
				LastUpgradeCheck = 0810;
				ORGANIZATIONNAME = davedailey;
				TargetAttributes = {
					CEBCE5691E06E9A3008886D0 = {
						CreatedOnToolsVersion = 8.1;
						DevelopmentTeam = 9W8PVJFZ7X;
						ProvisioningStyle = Automatic;
					};
				};
			};
			buildConfigurationList = CEBCE5651E06E9A3008886D0 /* Build configuration list for PBXProject "MyHood" */;
			compatibilityVersion = "Xcode 3.2";
			developmentRegion = English;
			hasScannedForEncodings = 0;
			knownRegions = (
				en,
				Base,
			);
			mainGroup = CEBCE5611E06E9A3008886D0;
			productRefGroup = CEBCE56B1E06E9A3008886D0 /* Products */;
			projectDirPath = "";
			projectRoot = "";
			targets = (
				CEBCE5691E06E9A3008886D0 /* MyHood */,
			);
		};
/* End PBXProject section */

/* Begin PBXResourcesBuildPhase section */
		CEBCE5681E06E9A3008886D0 /* Resources */ = {
			isa = PBXResourcesBuildPhase;
			buildActionMask = 2147483647;
			files = (
				CEBCE5781E06E9A3008886D0 /* LaunchScreen.storyboard in Resources */,
				CEBCE5751E06E9A3008886D0 /* Assets.xcassets in Resources */,
				CEBCE5731E06E9A3008886D0 /* Main.storyboard in Resources */,
			);
			runOnlyForDeploymentPostprocessing = 0;
		};
/* End PBXResourcesBuildPhase section */

/* Begin PBXSourcesBuildPhase section */
		CEBCE5661E06E9A3008886D0 /* Sources */ = {
			isa = PBXSourcesBuildPhase;
			buildActionMask = 2147483647;
			files = (
				CEBCE5811E06EA28008886D0 /* Post.swift in Sources */,
				CEBCE5701E06E9A3008886D0 /* ViewController.swift in Sources */,
				CEBCE56E1E06E9A3008886D0 /* AppDelegate.swift in Sources */,
				CEFA640B1E081F590038D535 /* PostCell.swift in Sources */,
			);
			runOnlyForDeploymentPostprocessing = 0;
		};
/* End PBXSourcesBuildPhase section */

/* Begin PBXVariantGroup section */
		CEBCE5711E06E9A3008886D0 /* Main.storyboard */ = {
			isa = PBXVariantGroup;
			children = (
				CEBCE5721E06E9A3008886D0 /* Base */,
			);
			name = Main.storyboard;
			sourceTree = "<group>";
		};
		CEBCE5761E06E9A3008886D0 /* LaunchScreen.storyboard */ = {
			isa = PBXVariantGroup;
			children = (
				CEBCE5771E06E9A3008886D0 /* Base */,
			);
			name = LaunchScreen.storyboard;
			sourceTree = "<group>";
		};
/* End PBXVariantGroup section */

/* Begin XCBuildConfiguration section */
		CEBCE57A1E06E9A3008886D0 /* Debug */ = {
			isa = XCBuildConfiguration;
			buildSettings = {
				ALWAYS_SEARCH_USER_PATHS = NO;
				CLANG_ANALYZER_NONNULL = YES;
				CLANG_CXX_LANGUAGE_STANDARD = "gnu++0x";
				CLANG_CXX_LIBRARY = "libc++";
				CLANG_ENABLE_MODULES = YES;
				CLANG_ENABLE_OBJC_ARC = YES;
				CLANG_WARN_BOOL_CONVERSION = YES;
				CLANG_WARN_CONSTANT_CONVERSION = YES;
				CLANG_WARN_DIRECT_OBJC_ISA_USAGE = YES_ERROR;
				CLANG_WARN_DOCUMENTATION_COMMENTS = YES;
				CLANG_WARN_EMPTY_BODY = YES;
				CLANG_WARN_ENUM_CONVERSION = YES;
				CLANG_WARN_INFINITE_RECURSION = YES;
				CLANG_WARN_INT_CONVERSION = YES;
				CLANG_WARN_OBJC_ROOT_CLASS = YES_ERROR;
				CLANG_WARN_SUSPICIOUS_MOVES = YES;
				CLANG_WARN_UNREACHABLE_CODE = YES;
				CLANG_WARN__DUPLICATE_METHOD_MATCH = YES;
				"CODE_SIGN_IDENTITY[sdk=iphoneos*]" = "iPhone Developer";
				COPY_PHASE_STRIP = NO;
				DEBUG_INFORMATION_FORMAT = dwarf;
				ENABLE_STRICT_OBJC_MSGSEND = YES;
				ENABLE_TESTABILITY = YES;
				GCC_C_LANGUAGE_STANDARD = gnu99;
				GCC_DYNAMIC_NO_PIC = NO;
				GCC_NO_COMMON_BLOCKS = YES;
				GCC_OPTIMIZATION_LEVEL = 0;
				GCC_PREPROCESSOR_DEFINITIONS = (
					"DEBUG=1",
					"$(inherited)",
				);
				GCC_WARN_64_TO_32_BIT_CONVERSION = YES;
				GCC_WARN_ABOUT_RETURN_TYPE = YES_ERROR;
				GCC_WARN_UNDECLARED_SELECTOR = YES;
				GCC_WARN_UNINITIALIZED_AUTOS = YES_AGGRESSIVE;
				GCC_WARN_UNUSED_FUNCTION = YES;
				GCC_WARN_UNUSED_VARIABLE = YES;
				IPHONEOS_DEPLOYMENT_TARGET = 10.1;
				MTL_ENABLE_DEBUG_INFO = YES;
				ONLY_ACTIVE_ARCH = YES;
				SDKROOT = iphoneos;
				SWIFT_ACTIVE_COMPILATION_CONDITIONS = DEBUG;
				SWIFT_OPTIMIZATION_LEVEL = "-Onone";
			};
			name = Debug;
		};
		CEBCE57B1E06E9A3008886D0 /* Release */ = {
			isa = XCBuildConfiguration;
			buildSettings = {
				ALWAYS_SEARCH_USER_PATHS = NO;
				CLANG_ANALYZER_NONNULL = YES;
				CLANG_CXX_LANGUAGE_STANDARD = "gnu++0x";
				CLANG_CXX_LIBRARY = "libc++";
				CLANG_ENABLE_MODULES = YES;
				CLANG_ENABLE_OBJC_ARC = YES;
				CLANG_WARN_BOOL_CONVERSION = YES;
				CLANG_WARN_CONSTANT_CONVERSION = YES;
				CLANG_WARN_DIRECT_OBJC_ISA_USAGE = YES_ERROR;
				CLANG_WARN_DOCUMENTATION_COMMENTS = YES;
				CLANG_WARN_EMPTY_BODY = YES;
				CLANG_WARN_ENUM_CONVERSION = YES;
				CLANG_WARN_INFINITE_RECURSION = YES;
				CLANG_WARN_INT_CONVERSION = YES;
				CLANG_WARN_OBJC_ROOT_CLASS = YES_ERROR;
				CLANG_WARN_SUSPICIOUS_MOVES = YES;
				CLANG_WARN_UNREACHABLE_CODE = YES;
				CLANG_WARN__DUPLICATE_METHOD_MATCH = YES;
				"CODE_SIGN_IDENTITY[sdk=iphoneos*]" = "iPhone Developer";
				COPY_PHASE_STRIP = NO;
				DEBUG_INFORMATION_FORMAT = "dwarf-with-dsym";
				ENABLE_NS_ASSERTIONS = NO;
				ENABLE_STRICT_OBJC_MSGSEND = YES;
				GCC_C_LANGUAGE_STANDARD = gnu99;
				GCC_NO_COMMON_BLOCKS = YES;
				GCC_WARN_64_TO_32_BIT_CONVERSION = YES;
				GCC_WARN_ABOUT_RETURN_TYPE = YES_ERROR;
				GCC_WARN_UNDECLARED_SELECTOR = YES;
				GCC_WARN_UNINITIALIZED_AUTOS = YES_AGGRESSIVE;
				GCC_WARN_UNUSED_FUNCTION = YES;
				GCC_WARN_UNUSED_VARIABLE = YES;
				IPHONEOS_DEPLOYMENT_TARGET = 10.1;
				MTL_ENABLE_DEBUG_INFO = NO;
				SDKROOT = iphoneos;
				SWIFT_OPTIMIZATION_LEVEL = "-Owholemodule";
				VALIDATE_PRODUCT = YES;
			};
			name = Release;
		};
		CEBCE57D1E06E9A3008886D0 /* Debug */ = {
			isa = XCBuildConfiguration;
			buildSettings = {
				ASSETCATALOG_COMPILER_APPICON_NAME = AppIcon;
				DEVELOPMENT_TEAM = 9W8PVJFZ7X;
				INFOPLIST_FILE = MyHood/Info.plist;
				LD_RUNPATH_SEARCH_PATHS = "$(inherited) @executable_path/Frameworks";
				PRODUCT_BUNDLE_IDENTIFIER = com.davedailey.MyHood;
				PRODUCT_NAME = "$(TARGET_NAME)";
				SWIFT_VERSION = 3.0;
			};
			name = Debug;
		};
		CEBCE57E1E06E9A3008886D0 /* Release */ = {
			isa = XCBuildConfiguration;
			buildSettings = {
				ASSETCATALOG_COMPILER_APPICON_NAME = AppIcon;
				DEVELOPMENT_TEAM = 9W8PVJFZ7X;
				INFOPLIST_FILE = MyHood/Info.plist;
				LD_RUNPATH_SEARCH_PATHS = "$(inherited) @executable_path/Frameworks";
				PRODUCT_BUNDLE_IDENTIFIER = com.davedailey.MyHood;
				PRODUCT_NAME = "$(TARGET_NAME)";
				SWIFT_VERSION = 3.0;
			};
			name = Release;
		};
/* End XCBuildConfiguration section */

/* Begin XCConfigurationList section */
		CEBCE5651E06E9A3008886D0 /* Build configuration list for PBXProject "MyHood" */ = {
			isa = XCConfigurationList;
			buildConfigurations = (
				CEBCE57A1E06E9A3008886D0 /* Debug */,
				CEBCE57B1E06E9A3008886D0 /* Release */,
			);
			defaultConfigurationIsVisible = 0;
			defaultConfigurationName = Release;
		};
		CEBCE57C1E06E9A3008886D0 /* Build configuration list for PBXNativeTarget "MyHood" */ = {
			isa = XCConfigurationList;
			buildConfigurations = (
				CEBCE57D1E06E9A3008886D0 /* Debug */,
				CEBCE57E1E06E9A3008886D0 /* Release */,
			);
			defaultConfigurationIsVisible = 0;
			defaultConfigurationName = Release;
		};
/* End XCConfigurationList section */
	};
	rootObject = CEBCE5621E06E9A3008886D0 /* Project object */;
}
